// !$*UTF8*$!
{
	archiveVersion = 1;
	classes = {
	};
	objectVersion = 56;
	objects = {

/* Begin PBXBuildFile section */
		D00000000000000000000001 /* TVOSNetPlayerApp.swift in Sources */ = {isa = PBXBuildFile; fileRef = B00000000000000000000001 /* TVOSNetPlayerApp.swift */; };
		D00000000000000000000002 /* ContentView.swift in Sources */ = {isa = PBXBuildFile; fileRef = B00000000000000000000002 /* ContentView.swift */; };
		D00000000000000000000004 /* Assets.xcassets in Resources */ = {isa = PBXBuildFile; fileRef = B00000000000000000000005 /* Assets.xcassets */; };
		D00000000000000000000009 /* TVOSNetPlayerCacheClient in Frameworks */ = {isa = PBXBuildFile; productRef = I00000000000000000000002 /* TVOSNetPlayerCacheClient */; };
		D0000000000000000000000A /* TVOSNetPlayerCacheClient in Frameworks */ = {isa = PBXBuildFile; productRef = I00000000000000000000002 /* TVOSNetPlayerCacheClient */; };
		D0000000000000000000000B /* TVOSNetPlayerCore in Frameworks */ = {isa = PBXBuildFile; productRef = I00000000000000000000003 /* TVOSNetPlayerCore */; };
		D0000000000000000000000C /* TVOSNetPlayerCore in Frameworks */ = {isa = PBXBuildFile; productRef = I00000000000000000000003 /* TVOSNetPlayerCore */; };
		D0000000000000000000000D /* AppCoreIntegrationTests.swift in Sources */ = {isa = PBXBuildFile; fileRef = B0000000000000000000000B /* AppCoreIntegrationTests.swift */; };
		D0000000000000000000000E /* MacOSNetPlayerApp.swift in Sources */ = {isa = PBXBuildFile; fileRef = B0000000000000000000000E /* MacOSNetPlayerApp.swift */; };
		D0000000000000000000000F /* ContentView.swift in Sources */ = {isa = PBXBuildFile; fileRef = B0000000000000000000000F /* ContentView.swift */; };
		D00000000000000000000010 /* TVOSNetPlayerCore in Frameworks */ = {isa = PBXBuildFile; productRef = I00000000000000000000003 /* TVOSNetPlayerCore */; };
		D00000000000000000000011 /* TVOSNetPlayerCacheClient in Frameworks */ = {isa = PBXBuildFile; productRef = I00000000000000000000002 /* TVOSNetPlayerCacheClient */; };
		D00000000000000000000012 /* AppShellIntegrationTests.swift in Sources */ = {isa = PBXBuildFile; fileRef = B00000000000000000000013 /* AppShellIntegrationTests.swift */; };
		D00000000000000000000013 /* TVOSNetPlayerCore in Frameworks */ = {isa = PBXBuildFile; productRef = I00000000000000000000003 /* TVOSNetPlayerCore */; };
		D00000000000000000000014 /* TVOSNetPlayerCacheClient in Frameworks */ = {isa = PBXBuildFile; productRef = I00000000000000000000002 /* TVOSNetPlayerCacheClient */; };
/* End PBXBuildFile section */

/* Begin PBXContainerItemProxy section */
		H00000000000000000000002 /* PBXContainerItemProxy */ = {
			isa = PBXContainerItemProxy;
			containerPortal = A00000000000000000000001 /* Project object */;
			proxyType = 1;
			remoteGlobalIDString = E00000000000000000000001;
			remoteInfo = TVOSNetPlayer;
		};
		H00000000000000000000003 /* PBXContainerItemProxy */ = {
			isa = PBXContainerItemProxy;
			containerPortal = A00000000000000000000001 /* Project object */;
			proxyType = 1;
			remoteGlobalIDString = E00000000000000000000003;
			remoteInfo = MacOSNetPlayer;
		};
/* End PBXContainerItemProxy section */

/* Begin PBXFileReference section */
		B00000000000000000000001 /* TVOSNetPlayerApp.swift */ = {isa = PBXFileReference; lastKnownFileType = sourcecode.swift; path = TVOSNetPlayerApp.swift; sourceTree = "<group>"; };
		B00000000000000000000002 /* ContentView.swift */ = {isa = PBXFileReference; lastKnownFileType = sourcecode.swift; path = ContentView.swift; sourceTree = "<group>"; };
		B00000000000000000000004 /* Info.plist */ = {isa = PBXFileReference; lastKnownFileType = text.plist.xml; path = Info.plist; sourceTree = "<group>"; };
		B00000000000000000000005 /* Assets.xcassets */ = {isa = PBXFileReference; lastKnownFileType = folder.assetcatalog; path = Assets.xcassets; sourceTree = "<group>"; };
		B00000000000000000000007 /* Project.xcconfig */ = {isa = PBXFileReference; lastKnownFileType = text.xcconfig; path = Project.xcconfig; sourceTree = "<group>"; };
		B00000000000000000000008 /* StreamURLNormalizer.swift */ = {isa = PBXFileReference; lastKnownFileType = sourcecode.swift; path = StreamURLNormalizer.swift; sourceTree = "<group>"; };
		B0000000000000000000000B /* AppCoreIntegrationTests.swift */ = {isa = PBXFileReference; lastKnownFileType = sourcecode.swift; path = AppCoreIntegrationTests.swift; sourceTree = "<group>"; };
		B0000000000000000000000C /* PlayerViewModel.swift */ = {isa = PBXFileReference; lastKnownFileType = sourcecode.swift; path = PlayerViewModel.swift; sourceTree = "<group>"; };
		B0000000000000000000000D /* CacheLibraryViewModel.swift */ = {isa = PBXFileReference; lastKnownFileType = sourcecode.swift; path = CacheLibraryViewModel.swift; sourceTree = "<group>"; };
		B0000000000000000000000E /* MacOSNetPlayerApp.swift */ = {isa = PBXFileReference; lastKnownFileType = sourcecode.swift; path = MacOSNetPlayerApp.swift; sourceTree = "<group>"; };
		B0000000000000000000000F /* ContentView.swift */ = {isa = PBXFileReference; lastKnownFileType = sourcecode.swift; path = ContentView.swift; sourceTree = "<group>"; };
		B00000000000000000000010 /* Info.plist */ = {isa = PBXFileReference; lastKnownFileType = text.plist.xml; path = Info.plist; sourceTree = "<group>"; };
		B00000000000000000000013 /* AppShellIntegrationTests.swift */ = {isa = PBXFileReference; lastKnownFileType = sourcecode.swift; path = AppShellIntegrationTests.swift; sourceTree = "<group>"; };
		C00000000000000000000001 /* TVOSNetPlayer.app */ = {isa = PBXFileReference; explicitFileType = wrapper.application; includeInIndex = 0; path = TVOSNetPlayer.app; sourceTree = BUILT_PRODUCTS_DIR; };
		C00000000000000000000002 /* TVOSNetPlayerTests.xctest */ = {isa = PBXFileReference; explicitFileType = wrapper.cfbundle; includeInIndex = 0; path = TVOSNetPlayerTests.xctest; sourceTree = BUILT_PRODUCTS_DIR; };
		C00000000000000000000003 /* MacOSNetPlayer.app */ = {isa = PBXFileReference; explicitFileType = wrapper.application; includeInIndex = 0; path = MacOSNetPlayer.app; sourceTree = BUILT_PRODUCTS_DIR; };
		C00000000000000000000004 /* MacOSNetPlayerTests.xctest */ = {isa = PBXFileReference; explicitFileType = wrapper.cfbundle; includeInIndex = 0; path = MacOSNetPlayerTests.xctest; sourceTree = BUILT_PRODUCTS_DIR; };
/* End PBXFileReference section */

/* Begin PBXFrameworksBuildPhase section */
		F00000000000000000000002 /* Frameworks */ = {
			isa = PBXFrameworksBuildPhase;
			buildActionMask = 2147483647;
			files = (
				D0000000000000000000000B /* TVOSNetPlayerCore in Frameworks */,
				D00000000000000000000009 /* TVOSNetPlayerCacheClient in Frameworks */,
			);
			runOnlyForDeploymentPostprocessing = 0;
		};
		F00000000000000000000005 /* Frameworks */ = {
			isa = PBXFrameworksBuildPhase;
			buildActionMask = 2147483647;
			files = (
				D0000000000000000000000C /* TVOSNetPlayerCore in Frameworks */,
				D0000000000000000000000A /* TVOSNetPlayerCacheClient in Frameworks */,
			);
			runOnlyForDeploymentPostprocessing = 0;
		};
		F00000000000000000000008 /* Frameworks */ = {
			isa = PBXFrameworksBuildPhase;
			buildActionMask = 2147483647;
			files = (
				D00000000000000000000010 /* TVOSNetPlayerCore in Frameworks */,
				D00000000000000000000011 /* TVOSNetPlayerCacheClient in Frameworks */,
			);
			runOnlyForDeploymentPostprocessing = 0;
		};
		F0000000000000000000000B /* Frameworks */ = {
			isa = PBXFrameworksBuildPhase;
			buildActionMask = 2147483647;
			files = (
				D00000000000000000000013 /* TVOSNetPlayerCore in Frameworks */,
				D00000000000000000000014 /* TVOSNetPlayerCacheClient in Frameworks */,
			);
			runOnlyForDeploymentPostprocessing = 0;
		};
/* End PBXFrameworksBuildPhase section */

/* Begin PBXGroup section */
		A00000000000000000000002 = {
			isa = PBXGroup;
			children = (
				A00000000000000000000009 /* MacOSNetPlayer */,
				A0000000000000000000000A /* MacOSNetPlayerTests */,
				A00000000000000000000003 /* TVOSNetPlayer */,
				A00000000000000000000007 /* TVOSNetPlayerCore */,
				A00000000000000000000004 /* TVOSNetPlayerTests */,
				A00000000000000000000005 /* Config */,
				A00000000000000000000006 /* Products */,
			);
			sourceTree = "<group>";
		};
		A00000000000000000000003 /* TVOSNetPlayer */ = {
			isa = PBXGroup;
			children = (
				B00000000000000000000001 /* TVOSNetPlayerApp.swift */,
				B00000000000000000000002 /* ContentView.swift */,
				B00000000000000000000004 /* Info.plist */,
				B00000000000000000000005 /* Assets.xcassets */,
			);
			path = TVOSNetPlayer;
			sourceTree = "<group>";
		};
		A00000000000000000000007 /* TVOSNetPlayerCore */ = {
			isa = PBXGroup;
			children = (
				B00000000000000000000008 /* StreamURLNormalizer.swift */,
				A00000000000000000000008 /* AppCore */,
			);
			path = Sources/TVOSNetPlayerCore;
			sourceTree = "<group>";
		};
		A00000000000000000000008 /* AppCore */ = {
			isa = PBXGroup;
			children = (
				B0000000000000000000000C /* PlayerViewModel.swift */,
				B0000000000000000000000D /* CacheLibraryViewModel.swift */,
			);
			path = AppCore;
			sourceTree = "<group>";
		};
		A00000000000000000000004 /* TVOSNetPlayerTests */ = {
			isa = PBXGroup;
			children = (
				B0000000000000000000000B /* AppCoreIntegrationTests.swift */,
			);
			path = TVOSNetPlayerTests;
			sourceTree = "<group>";
		};
		A00000000000000000000009 /* MacOSNetPlayer */ = {
			isa = PBXGroup;
			children = (
				B0000000000000000000000E /* MacOSNetPlayerApp.swift */,
				B0000000000000000000000F /* ContentView.swift */,
				B00000000000000000000010 /* Info.plist */,
			);
			path = MacOSNetPlayer;
			sourceTree = "<group>";
		};
		A0000000000000000000000A /* MacOSNetPlayerTests */ = {
			isa = PBXGroup;
			children = (
				B00000000000000000000013 /* AppShellIntegrationTests.swift */,
			);
			path = MacOSNetPlayerTests;
			sourceTree = "<group>";
		};
		A00000000000000000000005 /* Config */ = {
			isa = PBXGroup;
			children = (
				B00000000000000000000007 /* Project.xcconfig */,
			);
			path = Config;
			sourceTree = "<group>";
		};
		A00000000000000000000006 /* Products */ = {
			isa = PBXGroup;
			children = (
				C00000000000000000000001 /* TVOSNetPlayer.app */,
				C00000000000000000000002 /* TVOSNetPlayerTests.xctest */,
				C00000000000000000000003 /* MacOSNetPlayer.app */,
				C00000000000000000000004 /* MacOSNetPlayerTests.xctest */,
			);
			name = Products;
			sourceTree = "<group>";
		};
/* End PBXGroup section */

/* Begin PBXNativeTarget section */
		E00000000000000000000001 /* TVOSNetPlayer */ = {
			isa = PBXNativeTarget;
			buildConfigurationList = G00000000000000000000001 /* Build configuration list for PBXNativeTarget "TVOSNetPlayer" */;
			buildPhases = (
				F00000000000000000000001 /* Sources */,
				F00000000000000000000002 /* Frameworks */,
				F00000000000000000000003 /* Resources */,
			);
			buildRules = (
			);
			dependencies = (
			);
			name = TVOSNetPlayer;
			packageProductDependencies = (
				I00000000000000000000003 /* TVOSNetPlayerCore */,
				I00000000000000000000002 /* TVOSNetPlayerCacheClient */,
			);
			productName = TVOSNetPlayer;
			productReference = C00000000000000000000001 /* TVOSNetPlayer.app */;
			productType = "com.apple.product-type.application";
		};
		E00000000000000000000002 /* TVOSNetPlayerTests */ = {
			isa = PBXNativeTarget;
			buildConfigurationList = G00000000000000000000004 /* Build configuration list for PBXNativeTarget "TVOSNetPlayerTests" */;
			buildPhases = (
				F00000000000000000000004 /* Sources */,
				F00000000000000000000005 /* Frameworks */,
				F00000000000000000000006 /* Resources */,
			);
			buildRules = (
			);
			dependencies = (
				H00000000000000000000001 /* PBXTargetDependency */,
			);
			name = TVOSNetPlayerTests;
			packageProductDependencies = (
				I00000000000000000000003 /* TVOSNetPlayerCore */,
				I00000000000000000000002 /* TVOSNetPlayerCacheClient */,
			);
			productName = TVOSNetPlayerTests;
			productReference = C00000000000000000000002 /* TVOSNetPlayerTests.xctest */;
			productType = "com.apple.product-type.bundle.unit-test";
		};
		E00000000000000000000003 /* MacOSNetPlayer */ = {
			isa = PBXNativeTarget;
			buildConfigurationList = G0000000000000000000000C /* Build configuration list for PBXNativeTarget "MacOSNetPlayer" */;
			buildPhases = (
				F00000000000000000000007 /* Sources */,
				F00000000000000000000008 /* Frameworks */,
				F00000000000000000000009 /* Resources */,
			);
			buildRules = (
			);
			dependencies = (
			);
			name = MacOSNetPlayer;
			packageProductDependencies = (
				I00000000000000000000003 /* TVOSNetPlayerCore */,
				I00000000000000000000002 /* TVOSNetPlayerCacheClient */,
			);
			productName = MacOSNetPlayer;
			productReference = C00000000000000000000003 /* MacOSNetPlayer.app */;
			productType = "com.apple.product-type.application";
		};
		E00000000000000000000004 /* MacOSNetPlayerTests */ = {
			isa = PBXNativeTarget;
			buildConfigurationList = G0000000000000000000000F /* Build configuration list for PBXNativeTarget "MacOSNetPlayerTests" */;
			buildPhases = (
				F0000000000000000000000A /* Sources */,
				F0000000000000000000000B /* Frameworks */,
				F0000000000000000000000C /* Resources */,
			);
			buildRules = (
			);
			dependencies = (
				H00000000000000000000004 /* PBXTargetDependency */,
			);
			name = MacOSNetPlayerTests;
			packageProductDependencies = (
				I00000000000000000000003 /* TVOSNetPlayerCore */,
				I00000000000000000000002 /* TVOSNetPlayerCacheClient */,
			);
			productName = MacOSNetPlayerTests;
			productReference = C00000000000000000000004 /* MacOSNetPlayerTests.xctest */;
			productType = "com.apple.product-type.bundle.unit-test";
		};
/* End PBXNativeTarget section */

/* Begin PBXProject section */
		A00000000000000000000001 /* Project object */ = {
			isa = PBXProject;
			attributes = {
				BuildIndependentTargetsInParallel = 1;
				LastSwiftUpdateCheck = 2650;
				LastUpgradeCheck = 2650;
				TargetAttributes = {
					E00000000000000000000001 = {
						CreatedOnToolsVersion = 26.5;
					};
					E00000000000000000000002 = {
						CreatedOnToolsVersion = 26.5;
						TestTargetID = E00000000000000000000001;
					};
					E00000000000000000000003 = {
						CreatedOnToolsVersion = 26.5;
					};
					E00000000000000000000004 = {
						CreatedOnToolsVersion = 26.5;
						TestTargetID = E00000000000000000000003;
					};
				};
			};
			buildConfigurationList = G00000000000000000000007 /* Build configuration list for PBXProject "TVOSNetPlayer" */;
			compatibilityVersion = "Xcode 14.0";
			developmentRegion = en;
			hasScannedForEncodings = 0;
			knownRegions = (
				en,
				Base,
			);
			mainGroup = A00000000000000000000002;
			packageReferences = (
				J00000000000000000000001 /* XCLocalSwiftPackageReference "." */,
			);
			productRefGroup = A00000000000000000000006 /* Products */;
			projectDirPath = "";
			projectRoot = "";
			targets = (
				E00000000000000000000001 /* TVOSNetPlayer */,
				E00000000000000000000002 /* TVOSNetPlayerTests */,
				E00000000000000000000003 /* MacOSNetPlayer */,
				E00000000000000000000004 /* MacOSNetPlayerTests */,
			);
		};
/* End PBXProject section */

/* Begin PBXResourcesBuildPhase section */
		F00000000000000000000003 /* Resources */ = {
			isa = PBXResourcesBuildPhase;
			buildActionMask = 2147483647;
			files = (
				D00000000000000000000004 /* Assets.xcassets in Resources */,
			);
			runOnlyForDeploymentPostprocessing = 0;
		};
		F00000000000000000000006 /* Resources */ = {
			isa = PBXResourcesBuildPhase;
			buildActionMask = 2147483647;
			files = (
			);
			runOnlyForDeploymentPostprocessing = 0;
		};
		F00000000000000000000009 /* Resources */ = {
			isa = PBXResourcesBuildPhase;
			buildActionMask = 2147483647;
			files = (
			);
			runOnlyForDeploymentPostprocessing = 0;
		};
		F0000000000000000000000C /* Resources */ = {
			isa = PBXResourcesBuildPhase;
			buildActionMask = 2147483647;
			files = (
			);
			runOnlyForDeploymentPostprocessing = 0;
		};
/* End PBXResourcesBuildPhase section */

/* Begin PBXSourcesBuildPhase section */
		F00000000000000000000001 /* Sources */ = {
			isa = PBXSourcesBuildPhase;
			buildActionMask = 2147483647;
			files = (
				D00000000000000000000001 /* TVOSNetPlayerApp.swift in Sources */,
				D00000000000000000000002 /* ContentView.swift in Sources */,
			);
			runOnlyForDeploymentPostprocessing = 0;
		};
		F00000000000000000000004 /* Sources */ = {
			isa = PBXSourcesBuildPhase;
			buildActionMask = 2147483647;
			files = (
				D0000000000000000000000D /* AppCoreIntegrationTests.swift in Sources */,
			);
			runOnlyForDeploymentPostprocessing = 0;
		};
		F00000000000000000000007 /* Sources */ = {
			isa = PBXSourcesBuildPhase;
			buildActionMask = 2147483647;
			files = (
				D0000000000000000000000E /* MacOSNetPlayerApp.swift in Sources */,
				D0000000000000000000000F /* ContentView.swift in Sources */,
			);
			runOnlyForDeploymentPostprocessing = 0;
		};
		F0000000000000000000000A /* Sources */ = {
			isa = PBXSourcesBuildPhase;
			buildActionMask = 2147483647;
			files = (
				D00000000000000000000012 /* AppShellIntegrationTests.swift in Sources */,
			);
			runOnlyForDeploymentPostprocessing = 0;
		};
/* End PBXSourcesBuildPhase section */

/* Begin PBXTargetDependency section */
		H00000000000000000000001 /* PBXTargetDependency */ = {
			isa = PBXTargetDependency;
			target = E00000000000000000000001 /* TVOSNetPlayer */;
			targetProxy = H00000000000000000000002 /* PBXContainerItemProxy */;
		};
		H00000000000000000000004 /* PBXTargetDependency */ = {
			isa = PBXTargetDependency;
			target = E00000000000000000000003 /* MacOSNetPlayer */;
			targetProxy = H00000000000000000000003 /* PBXContainerItemProxy */;
		};
/* End PBXTargetDependency section */

/* Begin XCBuildConfiguration section */
		G00000000000000000000002 /* Debug */ = {
			isa = XCBuildConfiguration;
			baseConfigurationReference = B00000000000000000000007 /* Project.xcconfig */;
			buildSettings = {
				ASSETCATALOG_COMPILER_GLOBAL_ACCENT_COLOR_NAME = AccentColor;
				CODE_SIGN_STYLE = Automatic;
				DEVELOPMENT_TEAM = "";
				GENERATE_INFOPLIST_FILE = NO;
				INFOPLIST_FILE = TVOSNetPlayer/Info.plist;
				LD_RUNPATH_SEARCH_PATHS = (
					"$(inherited)",
					"@executable_path/Frameworks",
				);
				PRODUCT_BUNDLE_IDENTIFIER = "$(APP_BUNDLE_IDENTIFIER)";
				PRODUCT_NAME = "$(TARGET_NAME)";
				SDKROOT = appletvos;
				SUPPORTED_PLATFORMS = "appletvos appletvsimulator";
				SWIFT_EMIT_LOC_STRINGS = YES;
				SWIFT_OPTIMIZATION_LEVEL = "-Onone";
				SWIFT_VERSION = 6.0;
				TARGETED_DEVICE_FAMILY = 3;
			};
			name = Debug;
		};
		G00000000000000000000003 /* Release */ = {
			isa = XCBuildConfiguration;
			baseConfigurationReference = B00000000000000000000007 /* Project.xcconfig */;
			buildSettings = {
				ASSETCATALOG_COMPILER_GLOBAL_ACCENT_COLOR_NAME = AccentColor;
				CODE_SIGN_STYLE = Automatic;
				DEVELOPMENT_TEAM = "";
				GENERATE_INFOPLIST_FILE = NO;
				INFOPLIST_FILE = TVOSNetPlayer/Info.plist;
				LD_RUNPATH_SEARCH_PATHS = (
					"$(inherited)",
					"@executable_path/Frameworks",
				);
				PRODUCT_BUNDLE_IDENTIFIER = "$(APP_BUNDLE_IDENTIFIER)";
				PRODUCT_NAME = "$(TARGET_NAME)";
				SDKROOT = appletvos;
				SUPPORTED_PLATFORMS = "appletvos appletvsimulator";
				SWIFT_EMIT_LOC_STRINGS = YES;
				SWIFT_VERSION = 6.0;
				TARGETED_DEVICE_FAMILY = 3;
			};
			name = Release;
		};
		G00000000000000000000005 /* Debug */ = {
			isa = XCBuildConfiguration;
			baseConfigurationReference = B00000000000000000000007 /* Project.xcconfig */;
			buildSettings = {
				BUNDLE_LOADER = "$(TEST_HOST)";
				CODE_SIGN_STYLE = Automatic;
				DEVELOPMENT_TEAM = "";
				GENERATE_INFOPLIST_FILE = YES;
				LD_RUNPATH_SEARCH_PATHS = (
					"$(inherited)",
					"@executable_path/Frameworks",
					"@loader_path/Frameworks",
				);
				PRODUCT_BUNDLE_IDENTIFIER = "$(APP_BUNDLE_IDENTIFIER).tests";
				PRODUCT_NAME = "$(TARGET_NAME)";
				SDKROOT = appletvos;
				SUPPORTED_PLATFORMS = "appletvos appletvsimulator";
				SWIFT_OPTIMIZATION_LEVEL = "-Onone";
				SWIFT_VERSION = 6.0;
				TARGETED_DEVICE_FAMILY = 3;
				TEST_HOST = "$(BUILT_PRODUCTS_DIR)/TVOSNetPlayer.app/$(BUNDLE_EXECUTABLE_FOLDER_PATH)/TVOSNetPlayer";
			};
			name = Debug;
		};
		G00000000000000000000006 /* Release */ = {
			isa = XCBuildConfiguration;
			baseConfigurationReference = B00000000000000000000007 /* Project.xcconfig */;
			buildSettings = {
				BUNDLE_LOADER = "$(TEST_HOST)";
				CODE_SIGN_STYLE = Automatic;
				DEVELOPMENT_TEAM = "";
				GENERATE_INFOPLIST_FILE = YES;
				LD_RUNPATH_SEARCH_PATHS = (
					"$(inherited)",
					"@executable_path/Frameworks",
					"@loader_path/Frameworks",
				);
				PRODUCT_BUNDLE_IDENTIFIER = "$(APP_BUNDLE_IDENTIFIER).tests";
				PRODUCT_NAME = "$(TARGET_NAME)";
				SDKROOT = appletvos;
				SUPPORTED_PLATFORMS = "appletvos appletvsimulator";
				SWIFT_VERSION = 6.0;
				TARGETED_DEVICE_FAMILY = 3;
				TEST_HOST = "$(BUILT_PRODUCTS_DIR)/TVOSNetPlayer.app/$(BUNDLE_EXECUTABLE_FOLDER_PATH)/TVOSNetPlayer";
			};
			name = Release;
		};
		G0000000000000000000000A /* Debug */ = {
			isa = XCBuildConfiguration;
			baseConfigurationReference = B00000000000000000000007 /* Project.xcconfig */;
			buildSettings = {
				CODE_SIGN_STYLE = Automatic;
				DEVELOPMENT_TEAM = "";
				GENERATE_INFOPLIST_FILE = NO;
				INFOPLIST_FILE = MacOSNetPlayer/Info.plist;
				LD_RUNPATH_SEARCH_PATHS = (
					"$(inherited)",
					"@executable_path/../Frameworks",
				);
				PRODUCT_BUNDLE_IDENTIFIER = "$(APP_BUNDLE_IDENTIFIER).macos";
				PRODUCT_NAME = "$(TARGET_NAME)";
				SDKROOT = macosx;
				SUPPORTED_PLATFORMS = macosx;
				SWIFT_EMIT_LOC_STRINGS = YES;
				SWIFT_OPTIMIZATION_LEVEL = "-Onone";
				SWIFT_VERSION = 6.0;
			};
			name = Debug;
		};
		G0000000000000000000000B /* Release */ = {
			isa = XCBuildConfiguration;
			baseConfigurationReference = B00000000000000000000007 /* Project.xcconfig */;
			buildSettings = {
				CODE_SIGN_STYLE = Automatic;
				DEVELOPMENT_TEAM = "";
				GENERATE_INFOPLIST_FILE = NO;
				INFOPLIST_FILE = MacOSNetPlayer/Info.plist;
				LD_RUNPATH_SEARCH_PATHS = (
					"$(inherited)",
					"@executable_path/../Frameworks",
				);
				PRODUCT_BUNDLE_IDENTIFIER = "$(APP_BUNDLE_IDENTIFIER).macos";
				PRODUCT_NAME = "$(TARGET_NAME)";
				SDKROOT = macosx;
				SUPPORTED_PLATFORMS = macosx;
				SWIFT_EMIT_LOC_STRINGS = YES;
				SWIFT_VERSION = 6.0;
			};
			name = Release;
		};
		G0000000000000000000000D /* Debug */ = {
			isa = XCBuildConfiguration;
			baseConfigurationReference = B00000000000000000000007 /* Project.xcconfig */;
			buildSettings = {
				BUNDLE_LOADER = "$(TEST_HOST)";
				CODE_SIGN_STYLE = Automatic;
				DEVELOPMENT_TEAM = "";
				GENERATE_INFOPLIST_FILE = YES;
				LD_RUNPATH_SEARCH_PATHS = (
					"$(inherited)",
					"@executable_path/../Frameworks",
					"@loader_path/../Frameworks",
				);
				PRODUCT_BUNDLE_IDENTIFIER = "$(APP_BUNDLE_IDENTIFIER).macos.tests";
				PRODUCT_NAME = "$(TARGET_NAME)";
				SDKROOT = macosx;
				SUPPORTED_PLATFORMS = macosx;
				SWIFT_OPTIMIZATION_LEVEL = "-Onone";
				SWIFT_VERSION = 6.0;
				TEST_HOST = "$(BUILT_PRODUCTS_DIR)/MacOSNetPlayer.app/Contents/MacOS/MacOSNetPlayer";
			};
			name = Debug;
		};
		G0000000000000000000000E /* Release */ = {
			isa = XCBuildConfiguration;
			baseConfigurationReference = B00000000000000000000007 /* Project.xcconfig */;
			buildSettings = {
				BUNDLE_LOADER = "$(TEST_HOST)";
				CODE_SIGN_STYLE = Automatic;
				DEVELOPMENT_TEAM = "";
				GENERATE_INFOPLIST_FILE = YES;
				LD_RUNPATH_SEARCH_PATHS = (
					"$(inherited)",
					"@executable_path/../Frameworks",
					"@loader_path/../Frameworks",
				);
				PRODUCT_BUNDLE_IDENTIFIER = "$(APP_BUNDLE_IDENTIFIER).macos.tests";
				PRODUCT_NAME = "$(TARGET_NAME)";
				SDKROOT = macosx;
				SUPPORTED_PLATFORMS = macosx;
				SWIFT_VERSION = 6.0;
				TEST_HOST = "$(BUILT_PRODUCTS_DIR)/MacOSNetPlayer.app/Contents/MacOS/MacOSNetPlayer";
			};
			name = Release;
		};
		G00000000000000000000008 /* Debug */ = {
			isa = XCBuildConfiguration;
			baseConfigurationReference = B00000000000000000000007 /* Project.xcconfig */;
			buildSettings = {
				ALWAYS_SEARCH_USER_PATHS = NO;
				CLANG_ANALYZER_NONNULL = YES;
				CLANG_ANALYZER_NUMBER_OBJECT_CONVERSION = YES_AGGRESSIVE;
				CLANG_CXX_LANGUAGE_STANDARD = "gnu++20";
				CLANG_ENABLE_MODULES = YES;
				CLANG_ENABLE_OBJC_ARC = YES;
				CLANG_ENABLE_OBJC_WEAK = YES;
				CLANG_WARN_BLOCK_CAPTURE_AUTORELEASING = YES;
				CLANG_WARN_BOOL_CONVERSION = YES;
				CLANG_WARN_COMMA = YES;
				CLANG_WARN_CONSTANT_CONVERSION = YES;
				CLANG_WARN_DEPRECATED_OBJC_IMPLEMENTATIONS = YES;
				CLANG_WARN_DIRECT_OBJC_ISA_USAGE = YES_ERROR;
				CLANG_WARN_DOCUMENTATION_COMMENTS = YES;
				CLANG_WARN_EMPTY_BODY = YES;
				CLANG_WARN_ENUM_CONVERSION = YES;
				CLANG_WARN_INFINITE_RECURSION = YES;
				CLANG_WARN_INT_CONVERSION = YES;
				CLANG_WARN_NON_LITERAL_NULL_CONVERSION = YES;
				CLANG_WARN_OBJC_IMPLICIT_RETAIN_SELF = YES;
				CLANG_WARN_OBJC_LITERAL_CONVERSION = YES;
				CLANG_WARN_OBJC_ROOT_CLASS = YES_ERROR;
				CLANG_WARN_QUOTED_INCLUDE_IN_FRAMEWORK_HEADER = YES;
				CLANG_WARN_RANGE_LOOP_ANALYSIS = YES;
				CLANG_WARN_STRICT_PROTOTYPES = YES;
				CLANG_WARN_SUSPICIOUS_MOVE = YES;
				CLANG_WARN_UNGUARDED_AVAILABILITY = YES_AGGRESSIVE;
				CLANG_WARN_UNREACHABLE_CODE = YES;
				CLANG_WARN__DUPLICATE_METHOD_MATCH = YES;
				COPY_PHASE_STRIP = NO;
				DEBUG_INFORMATION_FORMAT = dwarf;
				ENABLE_STRICT_OBJC_MSGSEND = YES;
				ENABLE_TESTABILITY = YES;
				ENABLE_USER_SCRIPT_SANDBOXING = YES;
				GCC_C_LANGUAGE_STANDARD = gnu17;
				GCC_DYNAMIC_NO_PIC = NO;
				GCC_NO_COMMON_BLOCKS = YES;
				GCC_OPTIMIZATION_LEVEL = 0;
				GCC_PREPROCESSOR_DEFINITIONS = (
					"DEBUG=1",
					"$(inherited)",
				);
				GCC_WARN_64_TO_32_BIT_CONVERSION = YES;
				GCC_WARN_ABOUT_RETURN_TYPE = YES_ERROR;
				GCC_WARN_UNDECLARED_SELECTOR = YES;
				GCC_WARN_UNINITIALIZED_AUTOS = YES_AGGRESSIVE;
				GCC_WARN_UNUSED_FUNCTION = YES;
				GCC_WARN_UNUSED_VARIABLE = YES;
				ONLY_ACTIVE_ARCH = YES;
				SWIFT_ACTIVE_COMPILATION_CONDITIONS = DEBUG;
			};
			name = Debug;
		};
		G00000000000000000000009 /* Release */ = {
			isa = XCBuildConfiguration;
			baseConfigurationReference = B00000000000000000000007 /* Project.xcconfig */;
			buildSettings = {
				ALWAYS_SEARCH_USER_PATHS = NO;
				CLANG_ANALYZER_NONNULL = YES;
				CLANG_ANALYZER_NUMBER_OBJECT_CONVERSION = YES_AGGRESSIVE;
				CLANG_CXX_LANGUAGE_STANDARD = "gnu++20";
				CLANG_ENABLE_MODULES = YES;
				CLANG_ENABLE_OBJC_ARC = YES;
				CLANG_ENABLE_OBJC_WEAK = YES;
				CLANG_WARN_BLOCK_CAPTURE_AUTORELEASING = YES;
				CLANG_WARN_BOOL_CONVERSION = YES;
				CLANG_WARN_COMMA = YES;
				CLANG_WARN_CONSTANT_CONVERSION = YES;
				CLANG_WARN_DEPRECATED_OBJC_IMPLEMENTATIONS = YES;
				CLANG_WARN_DIRECT_OBJC_ISA_USAGE = YES_ERROR;
				CLANG_WARN_DOCUMENTATION_COMMENTS = YES;
				CLANG_WARN_EMPTY_BODY = YES;
				CLANG_WARN_ENUM_CONVERSION = YES;
				CLANG_WARN_INFINITE_RECURSION = YES;
				CLANG_WARN_INT_CONVERSION = YES;
				CLANG_WARN_NON_LITERAL_NULL_CONVERSION = YES_AGGRESSIVE;
				CLANG_WARN_OBJC_IMPLICIT_RETAIN_SELF = YES;
				CLANG_WARN_OBJC_LITERAL_CONVERSION = YES;
				CLANG_WARN_OBJC_ROOT_CLASS = YES_ERROR;
				CLANG_WARN_QUOTED_INCLUDE_IN_FRAMEWORK_HEADER = YES;
				CLANG_WARN_RANGE_LOOP_ANALYSIS = YES;
				CLANG_WARN_STRICT_PROTOTYPES = YES;
				CLANG_WARN_SUSPICIOUS_MOVE = YES;
				CLANG_WARN_UNGUARDED_AVAILABILITY = YES_AGGRESSIVE;
				CLANG_WARN_UNREACHABLE_CODE = YES;
				CLANG_WARN__DUPLICATE_METHOD_MATCH = YES;
				COPY_PHASE_STRIP = NO;
				DEBUG_INFORMATION_FORMAT = "dwarf-with-dsym";
				ENABLE_NS_ASSERTIONS = NO;
				ENABLE_STRICT_OBJC_MSGSEND = YES;
				ENABLE_USER_SCRIPT_SANDBOXING = YES;
				GCC_C_LANGUAGE_STANDARD = gnu17;
				GCC_NO_COMMON_BLOCKS = YES;
				GCC_WARN_64_TO_32_BIT_CONVERSION = YES;
				GCC_WARN_ABOUT_RETURN_TYPE = YES_ERROR;
				GCC_WARN_UNDECLARED_SELECTOR = YES;
				GCC_WARN_UNINITIALIZED_AUTOS = YES_AGGRESSIVE;
				GCC_WARN_UNUSED_FUNCTION = YES;
				GCC_WARN_UNUSED_VARIABLE = YES;
				VALIDATE_PRODUCT = YES;
			};
			name = Release;
		};
/* End XCBuildConfiguration section */

/* Begin XCConfigurationList section */
		G00000000000000000000001 /* Build configuration list for PBXNativeTarget "TVOSNetPlayer" */ = {
			isa = XCConfigurationList;
			buildConfigurations = (
				G00000000000000000000002 /* Debug */,
				G00000000000000000000003 /* Release */,
			);
			defaultConfigurationIsVisible = 0;
			defaultConfigurationName = Release;
		};
		G00000000000000000000004 /* Build configuration list for PBXNativeTarget "TVOSNetPlayerTests" */ = {
			isa = XCConfigurationList;
			buildConfigurations = (
				G00000000000000000000005 /* Debug */,
				G00000000000000000000006 /* Release */,
			);
			defaultConfigurationIsVisible = 0;
			defaultConfigurationName = Release;
		};
		G0000000000000000000000C /* Build configuration list for PBXNativeTarget "MacOSNetPlayer" */ = {
			isa = XCConfigurationList;
			buildConfigurations = (
				G0000000000000000000000A /* Debug */,
				G0000000000000000000000B /* Release */,
			);
			defaultConfigurationIsVisible = 0;
			defaultConfigurationName = Release;
		};
		G0000000000000000000000F /* Build configuration list for PBXNativeTarget "MacOSNetPlayerTests" */ = {
			isa = XCConfigurationList;
			buildConfigurations = (
				G0000000000000000000000D /* Debug */,
				G0000000000000000000000E /* Release */,
			);
			defaultConfigurationIsVisible = 0;
			defaultConfigurationName = Release;
		};
		G00000000000000000000007 /* Build configuration list for PBXProject "TVOSNetPlayer" */ = {
			isa = XCConfigurationList;
			buildConfigurations = (
				G00000000000000000000008 /* Debug */,
				G00000000000000000000009 /* Release */,
			);
			defaultConfigurationIsVisible = 0;
			defaultConfigurationName = Release;
		};
/* End XCConfigurationList section */

/* Begin XCLocalSwiftPackageReference section */
		J00000000000000000000001 /* XCLocalSwiftPackageReference "." */ = {
			isa = XCLocalSwiftPackageReference;
			relativePath = .;
		};
/* End XCLocalSwiftPackageReference section */

/* Begin XCSwiftPackageProductDependency section */
		I00000000000000000000002 /* TVOSNetPlayerCacheClient */ = {
			isa = XCSwiftPackageProductDependency;
			package = J00000000000000000000001 /* XCLocalSwiftPackageReference "." */;
			productName = TVOSNetPlayerCacheClient;
		};
		I00000000000000000000003 /* TVOSNetPlayerCore */ = {
			isa = XCSwiftPackageProductDependency;
			package = J00000000000000000000001 /* XCLocalSwiftPackageReference "." */;
			productName = TVOSNetPlayerCore;
		};
/* End XCSwiftPackageProductDependency section */
	};
	rootObject = A00000000000000000000001 /* Project object */;
}
